
Microsoft Visual Studio Solution File, Format Version 12.00
# Visual Studio 15
VisualStudioVersion = 15.0.28307.438
MinimumVisualStudioVersion = 10.0.40219.1
Project("{FAE04EC0-301F-11D3-BF4B-00C04F79EFBC}") = "POC_SignalR", "POC_SignalR\POC_SignalR.csproj", "{D3C8994A-FC51-4E5F-83C1-35C5949D94BA}"
EndProject
Project("{FAE04EC0-301F-11D3-BF4B-00C04F79EFBC}") = "POC_SignalR.Client", "POC_SignalR.Client\POC_SignalR.Client.csproj", "{6C9AAAFD-C505-4813-ABB7-BD73543A4F7B}"
EndProject
Global
	GlobalSection(SolutionConfigurationPlatforms) = preSolution
		Debug|Any CPU = Debug|Any CPU
		Release|Any CPU = Release|Any CPU
	EndGlobalSection
	GlobalSection(ProjectConfigurationPlatforms) = postSolution
		{D3C8994A-FC51-4E5F-83C1-35C5949D94BA}.Debug|Any CPU.ActiveCfg = Debug|Any CPU
		{D3C8994A-FC51-4E5F-83C1-35C5949D94BA}.Debug|Any CPU.Build.0 = Debug|Any CPU
		{D3C8994A-FC51-4E5F-83C1-35C5949D94BA}.Release|Any CPU.ActiveCfg = Release|Any CPU
		{D3C8994A-FC51-4E5F-83C1-35C5949D94BA}.Release|Any CPU.Build.0 = Release|Any CPU
		{6C9AAAFD-C505-4813-ABB7-BD73543A4F7B}.Debug|Any CPU.ActiveCfg = Debug|Any CPU
		{6C9AAAFD-C505-4813-ABB7-BD73543A4F7B}.Debug|Any CPU.Build.0 = Debug|Any CPU
		{6C9AAAFD-C505-4813-ABB7-BD73543A4F7B}.Release|Any CPU.ActiveCfg = Release|Any CPU
		{6C9AAAFD-C505-4813-ABB7-BD73543A4F7B}.Release|Any CPU.Build.0 = Release|Any CPU
	EndGlobalSection
	GlobalSection(SolutionProperties) = preSolution
		HideSolutionNode = FALSE
	EndGlobalSection
	GlobalSection(ExtensibilityGlobals) = postSolution
		SolutionGuid = {1C637486-3EDC-48C3-86CA-86CB8A2C118B}
	EndGlobalSection
EndGlobal
